// !$*UTF8*$!
{
	archiveVersion = 1;
	classes = {
	};
	objectVersion = 46;
	objects = {

/* Begin PBXBuildFile section */
		57FE6D5E1934EDD3004F955D /* Foundation.framework in Frameworks */ = {isa = PBXBuildFile; fileRef = 57FE6D5D1934EDD3004F955D /* Foundation.framework */; };
		57FE6D601934EDD3004F955D /* CoreGraphics.framework in Frameworks */ = {isa = PBXBuildFile; fileRef = 57FE6D5F1934EDD3004F955D /* CoreGraphics.framework */; };
		57FE6D621934EDD3004F955D /* UIKit.framework in Frameworks */ = {isa = PBXBuildFile; fileRef = 57FE6D611934EDD3004F955D /* UIKit.framework */; };
		57FE6D681934EDD3004F955D /* InfoPlist.strings in Resources */ = {isa = PBXBuildFile; fileRef = 57FE6D661934EDD3004F955D /* InfoPlist.strings */; };
		57FE6D6A1934EDD3004F955D /* main.m in Sources */ = {isa = PBXBuildFile; fileRef = 57FE6D691934EDD3004F955D /* main.m */; };
		57FE6D6E1934EDD3004F955D /* NTPAppDelegate.m in Sources */ = {isa = PBXBuildFile; fileRef = 57FE6D6D1934EDD3004F955D /* NTPAppDelegate.m */; };
		57FE6D711934EDD3004F955D /* Main.storyboard in Resources */ = {isa = PBXBuildFile; fileRef = 57FE6D6F1934EDD3004F955D /* Main.storyboard */; };
		57FE6D741934EDD3004F955D /* NTPViewController.m in Sources */ = {isa = PBXBuildFile; fileRef = 57FE6D731934EDD3004F955D /* NTPViewController.m */; };
		57FE6D761934EDD3004F955D /* Images.xcassets in Resources */ = {isa = PBXBuildFile; fileRef = 57FE6D751934EDD3004F955D /* Images.xcassets */; };
		57FE6D7D1934EDD3004F955D /* XCTest.framework in Frameworks */ = {isa = PBXBuildFile; fileRef = 57FE6D7C1934EDD3004F955D /* XCTest.framework */; };
		57FE6D7E1934EDD3004F955D /* Foundation.framework in Frameworks */ = {isa = PBXBuildFile; fileRef = 57FE6D5D1934EDD3004F955D /* Foundation.framework */; };
		57FE6D7F1934EDD3004F955D /* UIKit.framework in Frameworks */ = {isa = PBXBuildFile; fileRef = 57FE6D611934EDD3004F955D /* UIKit.framework */; };
		57FE6D871934EDD3004F955D /* InfoPlist.strings in Resources */ = {isa = PBXBuildFile; fileRef = 57FE6D851934EDD3004F955D /* InfoPlist.strings */; };
		57FE6D891934EDD3004F955D /* Git_TestTests.m in Sources */ = {isa = PBXBuildFile; fileRef = 57FE6D881934EDD3004F955D /* Git_TestTests.m */; };
		57FE6D941934F0A6004F955D /* NTPTest.m in Sources */ = {isa = PBXBuildFile; fileRef = 57FE6D931934F0A6004F955D /* NTPTest.m */; };
/* End PBXBuildFile section */

/* Begin PBXContainerItemProxy section */
		57FE6D801934EDD3004F955D /* PBXContainerItemProxy */ = {
			isa = PBXContainerItemProxy;
			containerPortal = 57FE6D521934EDD3004F955D /* Project object */;
			proxyType = 1;
			remoteGlobalIDString = 57FE6D591934EDD3004F955D;
			remoteInfo = "Git Test";
		};
/* End PBXContainerItemProxy section */

/* Begin PBXFileReference section */
		57FE6D5A1934EDD3004F955D /* Git Test.app */ = {isa = PBXFileReference; explicitFileType = wrapper.application; includeInIndex = 0; path = "Git Test.app"; sourceTree = BUILT_PRODUCTS_DIR; };
		57FE6D5D1934EDD3004F955D /* Foundation.framework */ = {isa = PBXFileReference; lastKnownFileType = wrapper.framework; name = Foundation.framework; path = System/Library/Frameworks/Foundation.framework; sourceTree = SDKROOT; };
		57FE6D5F1934EDD3004F955D /* CoreGraphics.framework */ = {isa = PBXFileReference; lastKnownFileType = wrapper.framework; name = CoreGraphics.framework; path = System/Library/Frameworks/CoreGraphics.framework; sourceTree = SDKROOT; };
		57FE6D611934EDD3004F955D /* UIKit.framework */ = {isa = PBXFileReference; lastKnownFileType = wrapper.framework; name = UIKit.framework; path = System/Library/Frameworks/UIKit.framework; sourceTree = SDKROOT; };
		57FE6D651934EDD3004F955D /* Git Test-Info.plist */ = {isa = PBXFileReference; lastKnownFileType = text.plist.xml; path = "Git Test-Info.plist"; sourceTree = "<group>"; };
		57FE6D671934EDD3004F955D /* en */ = {isa = PBXFileReference; lastKnownFileType = text.plist.strings; name = en; path = en.lproj/InfoPlist.strings; sourceTree = "<group>"; };
		57FE6D691934EDD3004F955D /* main.m */ = {isa = PBXFileReference; lastKnownFileType = sourcecode.c.objc; path = main.m; sourceTree = "<group>"; };
		57FE6D6B1934EDD3004F955D /* Git Test-Prefix.pch */ = {isa = PBXFileReference; lastKnownFileType = sourcecode.c.h; path = "Git Test-Prefix.pch"; sourceTree = "<group>"; };
		57FE6D6C1934EDD3004F955D /* NTPAppDelegate.h */ = {isa = PBXFileReference; lastKnownFileType = sourcecode.c.h; path = NTPAppDelegate.h; sourceTree = "<group>"; };
		57FE6D6D1934EDD3004F955D /* NTPAppDelegate.m */ = {isa = PBXFileReference; lastKnownFileType = sourcecode.c.objc; path = NTPAppDelegate.m; sourceTree = "<group>"; };
		57FE6D701934EDD3004F955D /* Base */ = {isa = PBXFileReference; lastKnownFileType = file.storyboard; name = Base; path = Base.lproj/Main.storyboard; sourceTree = "<group>"; };
		57FE6D721934EDD3004F955D /* NTPViewController.h */ = {isa = PBXFileReference; lastKnownFileType = sourcecode.c.h; path = NTPViewController.h; sourceTree = "<group>"; };
		57FE6D731934EDD3004F955D /* NTPViewController.m */ = {isa = PBXFileReference; lastKnownFileType = sourcecode.c.objc; path = NTPViewController.m; sourceTree = "<group>"; };
		57FE6D751934EDD3004F955D /* Images.xcassets */ = {isa = PBXFileReference; lastKnownFileType = folder.assetcatalog; path = Images.xcassets; sourceTree = "<group>"; };
		57FE6D7B1934EDD3004F955D /* Git TestTests.xctest */ = {isa = PBXFileReference; explicitFileType = wrapper.cfbundle; includeInIndex = 0; path = "Git TestTests.xctest"; sourceTree = BUILT_PRODUCTS_DIR; };
		57FE6D7C1934EDD3004F955D /* XCTest.framework */ = {isa = PBXFileReference; lastKnownFileType = wrapper.framework; name = XCTest.framework; path = Library/Frameworks/XCTest.framework; sourceTree = DEVELOPER_DIR; };
		57FE6D841934EDD3004F955D /* Git TestTests-Info.plist */ = {isa = PBXFileReference; lastKnownFileType = text.plist.xml; path = "Git TestTests-Info.plist"; sourceTree = "<group>"; };
		57FE6D861934EDD3004F955D /* en */ = {isa = PBXFileReference; lastKnownFileType = text.plist.strings; name = en; path = en.lproj/InfoPlist.strings; sourceTree = "<group>"; };
		57FE6D881934EDD3004F955D /* Git_TestTests.m */ = {isa = PBXFileReference; lastKnownFileType = sourcecode.c.objc; path = Git_TestTests.m; sourceTree = "<group>"; };
		57FE6D921934F0A6004F955D /* NTPTest.h */ = {isa = PBXFileReference; fileEncoding = 4; lastKnownFileType = sourcecode.c.h; path = NTPTest.h; sourceTree = "<group>"; };
		57FE6D931934F0A6004F955D /* NTPTest.m */ = {isa = PBXFileReference; fileEncoding = 4; lastKnownFileType = sourcecode.c.objc; path = NTPTest.m; sourceTree = "<group>"; };
/* End PBXFileReference section */

/* Begin PBXFrameworksBuildPhase section */
		57FE6D571934EDD3004F955D /* Frameworks */ = {
			isa = PBXFrameworksBuildPhase;
			buildActionMask = 2147483647;
			files = (
				57FE6D601934EDD3004F955D /* CoreGraphics.framework in Frameworks */,
				57FE6D621934EDD3004F955D /* UIKit.framework in Frameworks */,
				57FE6D5E1934EDD3004F955D /* Foundation.framework in Frameworks */,
			);
			runOnlyForDeploymentPostprocessing = 0;
		};
		57FE6D781934EDD3004F955D /* Frameworks */ = {
			isa = PBXFrameworksBuildPhase;
			buildActionMask = 2147483647;
			files = (
				57FE6D7D1934EDD3004F955D /* XCTest.framework in Frameworks */,
				57FE6D7F1934EDD3004F955D /* UIKit.framework in Frameworks */,
				57FE6D7E1934EDD3004F955D /* Foundation.framework in Frameworks */,
			);
			runOnlyForDeploymentPostprocessing = 0;
		};
/* End PBXFrameworksBuildPhase section */

/* Begin PBXGroup section */
		57FE6D511934EDD3004F955D = {
			isa = PBXGroup;
			children = (
				57FE6D631934EDD3004F955D /* Git Test */,
				57FE6D821934EDD3004F955D /* Git TestTests */,
				57FE6D5C1934EDD3004F955D /* Frameworks */,
				57FE6D5B1934EDD3004F955D /* Products */,
			);
			sourceTree = "<group>";
		};
		57FE6D5B1934EDD3004F955D /* Products */ = {
			isa = PBXGroup;
			children = (
				57FE6D5A1934EDD3004F955D /* Git Test.app */,
				57FE6D7B1934EDD3004F955D /* Git TestTests.xctest */,
			);
			name = Products;
			sourceTree = "<group>";
		};
		57FE6D5C1934EDD3004F955D /* Frameworks */ = {
			isa = PBXGroup;
			children = (
				57FE6D5D1934EDD3004F955D /* Foundation.framework */,
				57FE6D5F1934EDD3004F955D /* CoreGraphics.framework */,
				57FE6D611934EDD3004F955D /* UIKit.framework */,
				57FE6D7C1934EDD3004F955D /* XCTest.framework */,
			);
			name = Frameworks;
			sourceTree = "<group>";
		};
		57FE6D631934EDD3004F955D /* Git Test */ = {
			isa = PBXGroup;
			children = (
				57FE6D6C1934EDD3004F955D /* NTPAppDelegate.h */,
				57FE6D6D1934EDD3004F955D /* NTPAppDelegate.m */,
				57FE6D6F1934EDD3004F955D /* Main.storyboard */,
				57FE6D721934EDD3004F955D /* NTPViewController.h */,
				57FE6D731934EDD3004F955D /* NTPViewController.m */,
				57FE6D751934EDD3004F955D /* Images.xcassets */,
				57FE6D641934EDD3004F955D /* Supporting Files */,
				57FE6D921934F0A6004F955D /* NTPTest.h */,
				57FE6D931934F0A6004F955D /* NTPTest.m */,
			);
			path = "Git Test";
			sourceTree = "<group>";
		};
		57FE6D641934EDD3004F955D /* Supporting Files */ = {
			isa = PBXGroup;
			children = (
				57FE6D651934EDD3004F955D /* Git Test-Info.plist */,
				57FE6D661934EDD3004F955D /* InfoPlist.strings */,
				57FE6D691934EDD3004F955D /* main.m */,
				57FE6D6B1934EDD3004F955D /* Git Test-Prefix.pch */,
			);
			name = "Supporting Files";
			sourceTree = "<group>";
		};
		57FE6D821934EDD3004F955D /* Git TestTests */ = {
			isa = PBXGroup;
			children = (
				57FE6D881934EDD3004F955D /* Git_TestTests.m */,
				57FE6D831934EDD3004F955D /* Supporting Files */,
			);
			path = "Git TestTests";
			sourceTree = "<group>";
		};
		57FE6D831934EDD3004F955D /* Supporting Files */ = {
			isa = PBXGroup;
			children = (
				57FE6D841934EDD3004F955D /* Git TestTests-Info.plist */,
				57FE6D851934EDD3004F955D /* InfoPlist.strings */,
			);
			name = "Supporting Files";
			sourceTree = "<group>";
		};
/* End PBXGroup section */

/* Begin PBXNativeTarget section */
		57FE6D591934EDD3004F955D /* Git Test */ = {
			isa = PBXNativeTarget;
			buildConfigurationList = 57FE6D8C1934EDD3004F955D /* Build configuration list for PBXNativeTarget "Git Test" */;
			buildPhases = (
				57FE6D561934EDD3004F955D /* Sources */,
				57FE6D571934EDD3004F955D /* Frameworks */,
				57FE6D581934EDD3004F955D /* Resources */,
			);
			buildRules = (
			);
			dependencies = (
			);
			name = "Git Test";
			productName = "Git Test";
			productReference = 57FE6D5A1934EDD3004F955D /* Git Test.app */;
			productType = "com.apple.product-type.application";
		};
		57FE6D7A1934EDD3004F955D /* Git TestTests */ = {
			isa = PBXNativeTarget;
			buildConfigurationList = 57FE6D8F1934EDD3004F955D /* Build configuration list for PBXNativeTarget "Git TestTests" */;
			buildPhases = (
				57FE6D771934EDD3004F955D /* Sources */,
				57FE6D781934EDD3004F955D /* Frameworks */,
				57FE6D791934EDD3004F955D /* Resources */,
			);
			buildRules = (
			);
			dependencies = (
				57FE6D811934EDD3004F955D /* PBXTargetDependency */,
			);
			name = "Git TestTests";
			productName = "Git TestTests";
			productReference = 57FE6D7B1934EDD3004F955D /* Git TestTests.xctest */;
			productType = "com.apple.product-type.bundle.unit-test";
		};
/* End PBXNativeTarget section */

/* Begin PBXProject section */
		57FE6D521934EDD3004F955D /* Project object */ = {
			isa = PBXProject;
			attributes = {
				CLASSPREFIX = NTP;
				LastUpgradeCheck = 0510;
				ORGANIZATIONNAME = "New Tech Pros";
				TargetAttributes = {
					57FE6D7A1934EDD3004F955D = {
						TestTargetID = 57FE6D591934EDD3004F955D;
					};
				};
			};
			buildConfigurationList = 57FE6D551934EDD3004F955D /* Build configuration list for PBXProject "Git Test" */;
			compatibilityVersion = "Xcode 3.2";
			developmentRegion = English;
			hasScannedForEncodings = 0;
			knownRegions = (
				en,
				Base,
			);
			mainGroup = 57FE6D511934EDD3004F955D;
			productRefGroup = 57FE6D5B1934EDD3004F955D /* Products */;
			projectDirPath = "";
			projectRoot = "";
			targets = (
				57FE6D591934EDD3004F955D /* Git Test */,
				57FE6D7A1934EDD3004F955D /* Git TestTests */,
			);
		};
/* End PBXProject section */

/* Begin PBXResourcesBuildPhase section */
		57FE6D581934EDD3004F955D /* Resources */ = {
			isa = PBXResourcesBuildPhase;
			buildActionMask = 2147483647;
			files = (
				57FE6D761934EDD3004F955D /* Images.xcassets in Resources */,
				57FE6D681934EDD3004F955D /* InfoPlist.strings in Resources */,
				57FE6D711934EDD3004F955D /* Main.storyboard in Resources */,
			);
			runOnlyForDeploymentPostprocessing = 0;
		};
		57FE6D791934EDD3004F955D /* Resources */ = {
			isa = PBXResourcesBuildPhase;
			buildActionMask = 2147483647;
			files = (
				57FE6D871934EDD3004F955D /* InfoPlist.strings in Resources */,
			);
			runOnlyForDeploymentPostprocessing = 0;
		};
/* End PBXResourcesBuildPhase section */

/* Begin PBXSourcesBuildPhase section */
		57FE6D561934EDD3004F955D /* Sources */ = {
			isa = PBXSourcesBuildPhase;
			buildActionMask = 2147483647;
			files = (
				57FE6D6A1934EDD3004F955D /* main.m in Sources */,
				57FE6D6E1934EDD3004F955D /* NTPAppDelegate.m in Sources */,
				57FE6D941934F0A6004F955D /* NTPTest.m in Sources */,
				57FE6D741934EDD3004F955D /* NTPViewController.m in Sources */,
			);
			runOnlyForDeploymentPostprocessing = 0;
		};
		57FE6D771934EDD3004F955D /* Sources */ = {
			isa = PBXSourcesBuildPhase;
			buildActionMask = 2147483647;
			files = (
				57FE6D891934EDD3004F955D /* Git_TestTests.m in Sources */,
			);
			runOnlyForDeploymentPostprocessing = 0;
		};
/* End PBXSourcesBuildPhase section */

/* Begin PBXTargetDependency section */
		57FE6D811934EDD3004F955D /* PBXTargetDependency */ = {
			isa = PBXTargetDependency;
			target = 57FE6D591934EDD3004F955D /* Git Test */;
			targetProxy = 57FE6D801934EDD3004F955D /* PBXContainerItemProxy */;
		};
/* End PBXTargetDependency section */

/* Begin PBXVariantGroup section */
		57FE6D661934EDD3004F955D /* InfoPlist.strings */ = {
			isa = PBXVariantGroup;
			children = (
				57FE6D671934EDD3004F955D /* en */,
			);
			name = InfoPlist.strings;
			sourceTree = "<group>";
		};
		57FE6D6F1934EDD3004F955D /* Main.storyboard */ = {
			isa = PBXVariantGroup;
			children = (
				57FE6D701934EDD3004F955D /* Base */,
			);
			name = Main.storyboard;
			sourceTree = "<group>";
		};
		57FE6D851934EDD3004F955D /* InfoPlist.strings */ = {
			isa = PBXVariantGroup;
			children = (
				57FE6D861934EDD3004F955D /* en */,
			);
			name = InfoPlist.strings;
			sourceTree = "<group>";
		};
/* End PBXVariantGroup section */

/* Begin XCBuildConfiguration section */
		57FE6D8A1934EDD3004F955D /* Debug */ = {
			isa = XCBuildConfiguration;
			buildSettings = {
				ALWAYS_SEARCH_USER_PATHS = NO;
				CLANG_CXX_LANGUAGE_STANDARD = "gnu++0x";
				CLANG_CXX_LIBRARY = "libc++";
				CLANG_ENABLE_MODULES = YES;
				CLANG_ENABLE_OBJC_ARC = YES;
				CLANG_WARN_BOOL_CONVERSION = YES;
				CLANG_WARN_CONSTANT_CONVERSION = YES;
				CLANG_WARN_DIRECT_OBJC_ISA_USAGE = YES_ERROR;
				CLANG_WARN_EMPTY_BODY = YES;
				CLANG_WARN_ENUM_CONVERSION = YES;
				CLANG_WARN_INT_CONVERSION = YES;
				CLANG_WARN_OBJC_ROOT_CLASS = YES_ERROR;
				CLANG_WARN__DUPLICATE_METHOD_MATCH = YES;
				"CODE_SIGN_IDENTITY[sdk=iphoneos*]" = "iPhone Developer";
				COPY_PHASE_STRIP = NO;
				GCC_C_LANGUAGE_STANDARD = gnu99;
				GCC_DYNAMIC_NO_PIC = NO;
				GCC_OPTIMIZATION_LEVEL = 0;
				GCC_PREPROCESSOR_DEFINITIONS = (
					"DEBUG=1",
					"$(inherited)",
				);
				GCC_SYMBOLS_PRIVATE_EXTERN = NO;
				GCC_WARN_64_TO_32_BIT_CONVERSION = YES;
				GCC_WARN_ABOUT_RETURN_TYPE = YES_ERROR;
				GCC_WARN_UNDECLARED_SELECTOR = YES;
				GCC_WARN_UNINITIALIZED_AUTOS = YES_AGGRESSIVE;
				GCC_WARN_UNUSED_FUNCTION = YES;
				GCC_WARN_UNUSED_VARIABLE = YES;
				IPHONEOS_DEPLOYMENT_TARGET = 7.1;
				ONLY_ACTIVE_ARCH = YES;
				SDKROOT = iphoneos;
			};
			name = Debug;
		};
		57FE6D8B1934EDD3004F955D /* Release */ = {
			isa = XCBuildConfiguration;
			buildSettings = {
				ALWAYS_SEARCH_USER_PATHS = NO;
				CLANG_CXX_LANGUAGE_STANDARD = "gnu++0x";
				CLANG_CXX_LIBRARY = "libc++";
				CLANG_ENABLE_MODULES = YES;
				CLANG_ENABLE_OBJC_ARC = YES;
				CLANG_WARN_BOOL_CONVERSION = YES;
				CLANG_WARN_CONSTANT_CONVERSION = YES;
				CLANG_WARN_DIRECT_OBJC_ISA_USAGE = YES_ERROR;
				CLANG_WARN_EMPTY_BODY = YES;
				CLANG_WARN_ENUM_CONVERSION = YES;
				CLANG_WARN_INT_CONVERSION = YES;
				CLANG_WARN_OBJC_ROOT_CLASS = YES_ERROR;
				CLANG_WARN__DUPLICATE_METHOD_MATCH = YES;
				"CODE_SIGN_IDENTITY[sdk=iphoneos*]" = "iPhone Developer";
				COPY_PHASE_STRIP = YES;
				ENABLE_NS_ASSERTIONS = NO;
				GCC_C_LANGUAGE_STANDARD = gnu99;
				GCC_WARN_64_TO_32_BIT_CONVERSION = YES;
				GCC_WARN_ABOUT_RETURN_TYPE = YES_ERROR;
				GCC_WARN_UNDECLARED_SELECTOR = YES;
				GCC_WARN_UNINITIALIZED_AUTOS = YES_AGGRESSIVE;
				GCC_WARN_UNUSED_FUNCTION = YES;
				GCC_WARN_UNUSED_VARIABLE = YES;
				IPHONEOS_DEPLOYMENT_TARGET = 7.1;
				SDKROOT = iphoneos;
				VALIDATE_PRODUCT = YES;
			};
			name = Release;
		};
		57FE6D8D1934EDD3004F955D /* Debug */ = {
			isa = XCBuildConfiguration;
			buildSettings = {
				ASSETCATALOG_COMPILER_APPICON_NAME = AppIcon;
				ASSETCATALOG_COMPILER_LAUNCHIMAGE_NAME = LaunchImage;
				GCC_PRECOMPILE_PREFIX_HEADER = YES;
				GCC_PREFIX_HEADER = "Git Test/Git Test-Prefix.pch";
				INFOPLIST_FILE = "Git Test/Git Test-Info.plist";
				PRODUCT_NAME = "$(TARGET_NAME)";
				WRAPPER_EXTENSION = app;
			};
			name = Debug;
		};
		57FE6D8E1934EDD3004F955D /* Release */ = {
			isa = XCBuildConfiguration;
			buildSettings = {
				ASSETCATALOG_COMPILER_APPICON_NAME = AppIcon;
				ASSETCATALOG_COMPILER_LAUNCHIMAGE_NAME = LaunchImage;
				GCC_PRECOMPILE_PREFIX_HEADER = YES;
				GCC_PREFIX_HEADER = "Git Test/Git Test-Prefix.pch";
				INFOPLIST_FILE = "Git Test/Git Test-Info.plist";
				PRODUCT_NAME = "$(TARGET_NAME)";
				WRAPPER_EXTENSION = app;
			};
			name = Release;
		};
		57FE6D901934EDD3004F955D /* Debug */ = {
			isa = XCBuildConfiguration;
			buildSettings = {
				BUNDLE_LOADER = "$(BUILT_PRODUCTS_DIR)/Git Test.app/Git Test";
				FRAMEWORK_SEARCH_PATHS = (
					"$(SDKROOT)/Developer/Library/Frameworks",
					"$(inherited)",
					"$(DEVELOPER_FRAMEWORKS_DIR)",
				);
				GCC_PRECOMPILE_PREFIX_HEADER = YES;
				GCC_PREFIX_HEADER = "Git Test/Git Test-Prefix.pch";
				GCC_PREPROCESSOR_DEFINITIONS = (
					"DEBUG=1",
					"$(inherited)",
				);
				INFOPLIST_FILE = "Git TestTests/Git TestTests-Info.plist";
				PRODUCT_NAME = "$(TARGET_NAME)";
				TEST_HOST = "$(BUNDLE_LOADER)";
				WRAPPER_EXTENSION = xctest;
			};
			name = Debug;
		};
		57FE6D911934EDD3004F955D /* Release */ = {
			isa = XCBuildConfiguration;
			buildSettings = {
				BUNDLE_LOADER = "$(BUILT_PRODUCTS_DIR)/Git Test.app/Git Test";
				FRAMEWORK_SEARCH_PATHS = (
					"$(SDKROOT)/Developer/Library/Frameworks",
					"$(inherited)",
					"$(DEVELOPER_FRAMEWORKS_DIR)",
				);
				GCC_PRECOMPILE_PREFIX_HEADER = YES;
				GCC_PREFIX_HEADER = "Git Test/Git Test-Prefix.pch";
				INFOPLIST_FILE = "Git TestTests/Git TestTests-Info.plist";
				PRODUCT_NAME = "$(TARGET_NAME)";
				TEST_HOST = "$(BUNDLE_LOADER)";
				WRAPPER_EXTENSION = xctest;
			};
			name = Release;
		};
/* End XCBuildConfiguration section */

/* Begin XCConfigurationList section */
		57FE6D551934EDD3004F955D /* Build configuration list for PBXProject "Git Test" */ = {
			isa = XCConfigurationList;
			buildConfigurations = (
				57FE6D8A1934EDD3004F955D /* Debug */,
				57FE6D8B1934EDD3004F955D /* Release */,
			);
			defaultConfigurationIsVisible = 0;
			defaultConfigurationName = Release;
		};
		57FE6D8C1934EDD3004F955D /* Build configuration list for PBXNativeTarget "Git Test" */ = {
			isa = XCConfigurationList;
			buildConfigurations = (
				57FE6D8D1934EDD3004F955D /* Debug */,
				57FE6D8E1934EDD3004F955D /* Release */,
			);
			defaultConfigurationIsVisible = 0;
		};
		57FE6D8F1934EDD3004F955D /* Build configuration list for PBXNativeTarget "Git TestTests" */ = {
			isa = XCConfigurationList;
			buildConfigurations = (
				57FE6D901934EDD3004F955D /* Debug */,
				57FE6D911934EDD3004F955D /* Release */,
			);
			defaultConfigurationIsVisible = 0;
		};
/* End XCConfigurationList section */
	};
	rootObject = 57FE6D521934EDD3004F955D /* Project object */;
}
